version: 6
environments:
  default:
    channels:
    - url: https://conda.anaconda.org/conda-forge/
    indexes:
    - https://pypi.org/simple
    packages:
      linux-64:
      - conda: https://conda.anaconda.org/conda-forge/linux-64/_libgcc_mutex-0.1-conda_forge.tar.bz2
      - conda: https://conda.anaconda.org/conda-forge/linux-64/_openmp_mutex-4.5-2_gnu.tar.bz2
      - conda: https://conda.anaconda.org/conda-forge/linux-64/bzip2-1.0.8-hda65f42_8.conda
      - conda: https://conda.anaconda.org/conda-forge/noarch/ca-certificates-2025.11.12-hbd8a1cb_0.conda
      - conda: https://conda.anaconda.org/conda-forge/linux-64/ld_impl_linux-64-2.45-default_hbd61a6d_104.conda
      - conda: https://conda.anaconda.org/conda-forge/linux-64/libexpat-2.7.3-hecca717_0.conda
      - conda: https://conda.anaconda.org/conda-forge/linux-64/libffi-3.5.2-h9ec8514_0.conda
      - conda: https://conda.anaconda.org/conda-forge/linux-64/libgcc-15.2.0-he0feb66_15.conda
      - conda: https://conda.anaconda.org/conda-forge/linux-64/libgomp-15.2.0-he0feb66_15.conda
      - conda: https://conda.anaconda.org/conda-forge/linux-64/liblzma-5.8.1-hb9d3cd8_2.conda
      - conda: https://conda.anaconda.org/conda-forge/linux-64/libmpdec-4.0.0-hb9d3cd8_0.conda
      - conda: https://conda.anaconda.org/conda-forge/linux-64/libsqlite-3.51.1-h0c1763c_0.conda
      - conda: https://conda.anaconda.org/conda-forge/linux-64/libuuid-2.41.2-h5347b49_1.conda
      - conda: https://conda.anaconda.org/conda-forge/linux-64/libzlib-1.3.1-hb9d3cd8_2.conda
      - conda: https://conda.anaconda.org/conda-forge/linux-64/ncurses-6.5-h2d0b736_3.conda
      - conda: https://conda.anaconda.org/conda-forge/linux-64/openssl-3.6.0-h26f9b46_0.conda
      - conda: https://conda.anaconda.org/conda-forge/linux-64/python-3.13.10-hc97d973_100_cp313.conda
      - conda: https://conda.anaconda.org/conda-forge/noarch/python_abi-3.13-8_cp313.conda
      - conda: https://conda.anaconda.org/conda-forge/linux-64/readline-8.2-h8c095d6_2.conda
      - conda: https://conda.anaconda.org/conda-forge/linux-64/tk-8.6.13-noxft_ha0e22de_103.conda
      - conda: https://conda.anaconda.org/conda-forge/noarch/tzdata-2025b-h78e105d_0.conda
      - conda: https://conda.anaconda.org/conda-forge/linux-64/zstd-1.5.7-hb78ec9c_6.conda
      - pypi: https://files.pythonhosted.org/packages/d2/39/e7eaf1799466a4aef85b6a4fe7bd175ad2b1c6345066aa33f1f58d4b18d0/asttokens-3.0.1-py3-none-any.whl
      - pypi: https://files.pythonhosted.org/packages/60/97/891a0971e1e4a8c5d2b20bbe0e524dc04548d2307fee33cdeba148fd4fc7/comm-0.2.3-py3-none-any.whl
      - pypi: https://files.pythonhosted.org/packages/4b/32/e0f13a1c5b0f8572d0ec6ae2f6c677b7991fafd95da523159c19eff0696a/contourpy-1.3.3-cp313-cp313-manylinux_2_27_x86_64.manylinux_2_28_x86_64.whl
      - pypi: https://files.pythonhosted.org/packages/e7/05/c19819d5e3d95294a6f5947fb9b9629efb316b96de511b418c53d245aae6/cycler-0.12.1-py3-none-any.whl
      - pypi: https://files.pythonhosted.org/packages/b0/d0/89247ec250369fc76db477720a26b2fce7ba079ff1380e4ab4529d2fe233/debugpy-1.8.17-py2.py3-none-any.whl
      - pypi: https://files.pythonhosted.org/packages/4e/8c/f3147f5c4b73e7550fe5f9352eaa956ae838d5c51eb58e7a25b9f3e2643b/decorator-5.2.1-py3-none-any.whl
      - pypi: https://files.pythonhosted.org/packages/c1/ea/53f2148663b321f21b5a606bd5f191517cf40b7072c0497d3c92c4a13b1e/executing-2.2.1-py2.py3-none-any.whl
      - pypi: https://files.pythonhosted.org/packages/4e/80/c87bc524a90dbeb2a390eea23eae448286983da59b7e02c67fa0ca96a8c5/fonttools-4.61.0-cp313-cp313-manylinux1_x86_64.manylinux2014_x86_64.manylinux_2_17_x86_64.manylinux_2_5_x86_64.whl
      - pypi: https://files.pythonhosted.org/packages/d9/69/4402ea66272dacc10b298cca18ed73e1c0791ff2ae9ed218d3859f9698ac/h5py-3.15.1-cp313-cp313-manylinux_2_27_x86_64.manylinux_2_28_x86_64.whl
      - pypi: https://files.pythonhosted.org/packages/a3/a0/647c0f205f9ef730bcb05bb8e1087e0c86d44835fc1f248dd67f01edd6fc/ipykernel-6.21.3-py3-none-any.whl
      - pypi: https://files.pythonhosted.org/packages/f1/df/8ee1c5dd1e3308b5d5b2f2dfea323bb2f3827da8d654abb6642051199049/ipython-9.8.0-py3-none-any.whl
      - pypi: https://files.pythonhosted.org/packages/d9/33/1f075bf72b0b747cb3288d011319aaf64083cf2efef8354174e3ed4540e2/ipython_pygments_lexers-1.1.1-py3-none-any.whl
      - pypi: https://files.pythonhosted.org/packages/c0/5a/9cac0c82afec3d09ccd97c8b6502d48f165f9124db81b4bcb90b4af974ee/jedi-0.19.2-py2.py3-none-any.whl
      - pypi: https://files.pythonhosted.org/packages/11/85/b0394e0b6fcccd2c1eeefc230978a6f8cb0c5df1e4cd3e7625735a0d7d1e/jupyter_client-8.6.3-py3-none-any.whl
      - pypi: https://files.pythonhosted.org/packages/e7/e7/80988e32bf6f73919a113473a604f5a8f09094de312b9d52b79c2df7612b/jupyter_core-5.9.1-py3-none-any.whl
      - pypi: https://files.pythonhosted.org/packages/e9/e9/f218a2cb3a9ffbe324ca29a9e399fa2d2866d7f348ec3a88df87fc248fc5/kiwisolver-1.4.9-cp313-cp313-manylinux2014_x86_64.manylinux_2_17_x86_64.whl
      - pypi: https://files.pythonhosted.org/packages/f7/97/ad1a907c0173a90dd4df7228f24a3ec61058bc1a9ff8a0caec20a0cc622e/llvmlite-0.45.1-cp313-cp313-manylinux2014_x86_64.manylinux_2_17_x86_64.whl
      - pypi: https://files.pythonhosted.org/packages/0c/29/0348de65b8cc732daa3e33e67806420b2ae89bdce2b04af740289c5c6c8c/loguru-0.7.3-py3-none-any.whl
      - pypi: https://files.pythonhosted.org/packages/22/ff/6425bf5c20d79aa5b959d1ce9e65f599632345391381c9a104133fe0b171/matplotlib-3.10.7-cp313-cp313-manylinux2014_x86_64.manylinux_2_17_x86_64.whl
      - pypi: https://files.pythonhosted.org/packages/af/33/ee4519fa02ed11a94aef9559552f3b17bb863f2ecfe1a35dc7f548cde231/matplotlib_inline-0.2.1-py3-none-any.whl
      - pypi: https://files.pythonhosted.org/packages/a0/c4/c2971a3ba4c6103a3d10c4b0f24f461ddc027f0f09763220cf35ca1401b3/nest_asyncio-1.6.0-py3-none-any.whl
      - pypi: https://files.pythonhosted.org/packages/78/7e/bf2e3634993d57f95305c7cee4c9c6cb3c9c78404ee7b49569a0dfecfe33/numba-0.62.1-cp313-cp313-manylinux2014_x86_64.manylinux_2_17_x86_64.whl
      - pypi: https://files.pythonhosted.org/packages/f5/10/ca162f45a102738958dcec8023062dad0cbc17d1ab99d68c4e4a6c45fb2b/numpy-2.3.5-cp313-cp313-manylinux_2_27_x86_64.manylinux_2_28_x86_64.whl
      - pypi: https://files.pythonhosted.org/packages/20/12/38679034af332785aac8774540895e234f4d07f7545804097de4b666afd8/packaging-25.0-py3-none-any.whl
      - pypi: https://files.pythonhosted.org/packages/16/32/f8e3c85d1d5250232a5d3477a2a28cc291968ff175caeadaf3cc19ce0e4a/parso-0.8.5-py2.py3-none-any.whl
      - pypi: https://files.pythonhosted.org/packages/9e/c3/059298687310d527a58bb01f3b1965787ee3b40dce76752eda8b44e9a2c5/pexpect-4.9.0-py2.py3-none-any.whl
      - pypi: https://files.pythonhosted.org/packages/38/57/755dbd06530a27a5ed74f8cb0a7a44a21722ebf318edbe67ddbd7fb28f88/pillow-12.0.0-cp313-cp313-manylinux_2_27_x86_64.manylinux_2_28_x86_64.whl
      - pypi: https://files.pythonhosted.org/packages/44/3c/d717024885424591d5376220b5e836c2d5293ce2011523c9de23ff7bf068/pip-25.3-py3-none-any.whl
      - pypi: https://files.pythonhosted.org/packages/73/cb/ac7874b3e5d58441674fb70742e6c374b28b0c7cb988d37d991cde47166c/platformdirs-4.5.0-py3-none-any.whl
      - pypi: https://files.pythonhosted.org/packages/84/03/0d3ce49e2505ae70cf43bc5bb3033955d2fc9f932163e84dc0779cc47f48/prompt_toolkit-3.0.52-py3-none-any.whl
      - pypi: https://files.pythonhosted.org/packages/ce/b1/5f49af514f76431ba4eea935b8ad3725cdeb397e9245ab919dbc1d1dc20f/psutil-7.1.3-cp36-abi3-manylinux2010_x86_64.manylinux_2_12_x86_64.manylinux_2_28_x86_64.whl
      - pypi: https://files.pythonhosted.org/packages/22/a6/858897256d0deac81a172289110f31629fc4cee19b6f01283303e18c8db3/ptyprocess-0.7.0-py2.py3-none-any.whl
      - pypi: https://files.pythonhosted.org/packages/8e/37/efad0257dc6e593a18957422533ff0f87ede7c9c6ea010a2177d738fb82f/pure_eval-0.2.3-py3-none-any.whl
      - pypi: https://files.pythonhosted.org/packages/c7/21/705964c7812476f378728bdf590ca4b771ec72385c533964653c68e86bdc/pygments-2.19.2-py3-none-any.whl
      - pypi: https://files.pythonhosted.org/packages/10/5e/1aa9a93198c6b64513c9d7752de7422c06402de6600a8767da1524f9570b/pyparsing-3.2.5-py3-none-any.whl
      - pypi: https://files.pythonhosted.org/packages/ec/57/56b9bcc3c9c6a792fcbaf139543cee77261f3651ca9da0c93f5c1221264b/python_dateutil-2.9.0.post0-py2.py3-none-any.whl
      - pypi: https://files.pythonhosted.org/packages/e5/1b/a24c6ff03b026b826ad7b9267bd63cd34ce026795a0302f8a5403840b8e7/pywavelets-1.9.0-cp313-cp313-manylinux_2_27_x86_64.manylinux_2_28_x86_64.whl
      - pypi: https://files.pythonhosted.org/packages/f8/9b/c108cdb55560eaf253f0cbdb61b29971e9fb34d9c3499b0e96e4e60ed8a5/pyzmq-27.1.0-cp312-abi3-manylinux_2_26_x86_64.manylinux_2_28_x86_64.whl
      - pypi: https://files.pythonhosted.org/packages/21/f6/4bfb5695d8941e5c570a04d9fcd0d36bce7511b7d78e6e75c8f9791f82d0/scipy-1.16.3-cp313-cp313-manylinux2014_x86_64.manylinux_2_17_x86_64.whl
      - pypi: https://files.pythonhosted.org/packages/b7/ce/149a00dd41f10bc29e5921b496af8b574d8413afcd5e30dfa0ed46c2cc5e/six-1.17.0-py2.py3-none-any.whl
      - pypi: https://files.pythonhosted.org/packages/f1/7b/ce1eafaf1a76852e2ec9b22edecf1daa58175c090266e9f6c64afcd81d91/stack_data-0.6.3-py3-none-any.whl
      - pypi: https://files.pythonhosted.org/packages/44/6f/7120676b6d73228c96e17f1f794d8ab046fc910d781c8d151120c3f1569e/toml-0.10.2-py2.py3-none-any.whl
      - pypi: https://files.pythonhosted.org/packages/f9/41/fb15f06e33d7430ca89420283a8762a4e6b8025b800ea51796ab5e6d9559/tornado-6.5.2-cp39-abi3-manylinux_2_5_x86_64.manylinux1_x86_64.manylinux_2_17_x86_64.manylinux2014_x86_64.whl
      - pypi: https://files.pythonhosted.org/packages/00/c0/8f5d070730d7836adc9c9b6408dec68c6ced86b304a9b26a14df072a6e8c/traitlets-5.14.3-py3-none-any.whl
      - pypi: https://files.pythonhosted.org/packages/af/b5/123f13c975e9f27ab9c0770f514345bd406d0e8d3b7a0723af9d43f710af/wcwidth-0.2.14-py2.py3-none-any.whl
packages:
- conda: https://conda.anaconda.org/conda-forge/linux-64/_libgcc_mutex-0.1-conda_forge.tar.bz2
  sha256: fe51de6107f9edc7aa4f786a70f4a883943bc9d39b3bb7307c04c41410990726
  md5: d7c89558ba9fa0495403155b64376d81
  license: None
  purls: []
  size: 2562
  timestamp: 1578324546067
- conda: https://conda.anaconda.org/conda-forge/linux-64/_openmp_mutex-4.5-2_gnu.tar.bz2
  build_number: 16
  sha256: fbe2c5e56a653bebb982eda4876a9178aedfc2b545f25d0ce9c4c0b508253d22
  md5: 73aaf86a425cc6e73fcf236a5a46396d
  depends:
  - _libgcc_mutex 0.1 conda_forge
  - libgomp >=7.5.0
  constrains:
  - openmp_impl 9999
  license: BSD-3-Clause
  license_family: BSD
  purls: []
  size: 23621
  timestamp: 1650670423406
- pypi: https://files.pythonhosted.org/packages/d2/39/e7eaf1799466a4aef85b6a4fe7bd175ad2b1c6345066aa33f1f58d4b18d0/asttokens-3.0.1-py3-none-any.whl
  name: asttokens
  version: 3.0.1
  sha256: 15a3ebc0f43c2d0a50eeafea25e19046c68398e487b9f1f5b517f7c0f40f976a
  requires_dist:
  - astroid>=2,<5 ; extra == 'astroid'
  - astroid>=2,<5 ; extra == 'test'
  - pytest<9.0 ; extra == 'test'
  - pytest-cov ; extra == 'test'
  - pytest-xdist ; extra == 'test'
  requires_python: '>=3.8'
- conda: https://conda.anaconda.org/conda-forge/linux-64/bzip2-1.0.8-hda65f42_8.conda
  sha256: c30daba32ddebbb7ded490f0e371eae90f51e72db620554089103b4a6934b0d5
  md5: 51a19bba1b8ebfb60df25cde030b7ebc
  depends:
  - __glibc >=2.17,<3.0.a0
  - libgcc >=14
  license: bzip2-1.0.6
  license_family: BSD
  purls: []
  size: 260341
  timestamp: 1757437258798
- conda: https://conda.anaconda.org/conda-forge/noarch/ca-certificates-2025.11.12-hbd8a1cb_0.conda
  sha256: b986ba796d42c9d3265602bc038f6f5264095702dd546c14bc684e60c385e773
  md5: f0991f0f84902f6b6009b4d2350a83aa
  depends:
  - __unix
  license: ISC
  purls: []
  size: 152432
  timestamp: 1762967197890
- pypi: https://files.pythonhosted.org/packages/60/97/891a0971e1e4a8c5d2b20bbe0e524dc04548d2307fee33cdeba148fd4fc7/comm-0.2.3-py3-none-any.whl
  name: comm
  version: 0.2.3
  sha256: c615d91d75f7f04f095b30d1c1711babd43bdc6419c1be9886a85f2f4e489417
  requires_dist:
  - pytest ; extra == 'test'
  requires_python: '>=3.8'
- pypi: https://files.pythonhosted.org/packages/4b/32/e0f13a1c5b0f8572d0ec6ae2f6c677b7991fafd95da523159c19eff0696a/contourpy-1.3.3-cp313-cp313-manylinux_2_27_x86_64.manylinux_2_28_x86_64.whl
  name: contourpy
  version: 1.3.3
  sha256: 4debd64f124ca62069f313a9cb86656ff087786016d76927ae2cf37846b006c9
  requires_dist:
  - numpy>=1.25
  - furo ; extra == 'docs'
  - sphinx>=7.2 ; extra == 'docs'
  - sphinx-copybutton ; extra == 'docs'
  - bokeh ; extra == 'bokeh'
  - selenium ; extra == 'bokeh'
  - contourpy[bokeh,docs] ; extra == 'mypy'
  - bokeh ; extra == 'mypy'
  - docutils-stubs ; extra == 'mypy'
  - mypy==1.17.0 ; extra == 'mypy'
  - types-pillow ; extra == 'mypy'
  - contourpy[test-no-images] ; extra == 'test'
  - matplotlib ; extra == 'test'
  - pillow ; extra == 'test'
  - pytest ; extra == 'test-no-images'
  - pytest-cov ; extra == 'test-no-images'
  - pytest-rerunfailures ; extra == 'test-no-images'
  - pytest-xdist ; extra == 'test-no-images'
  - wurlitzer ; extra == 'test-no-images'
  requires_python: '>=3.11'
- pypi: https://files.pythonhosted.org/packages/e7/05/c19819d5e3d95294a6f5947fb9b9629efb316b96de511b418c53d245aae6/cycler-0.12.1-py3-none-any.whl
  name: cycler
  version: 0.12.1
  sha256: 85cef7cff222d8644161529808465972e51340599459b8ac3ccbac5a854e0d30
  requires_dist:
  - ipython ; extra == 'docs'
  - matplotlib ; extra == 'docs'
  - numpydoc ; extra == 'docs'
  - sphinx ; extra == 'docs'
  - pytest ; extra == 'tests'
  - pytest-cov ; extra == 'tests'
  - pytest-xdist ; extra == 'tests'
  requires_python: '>=3.8'
- pypi: https://files.pythonhosted.org/packages/b0/d0/89247ec250369fc76db477720a26b2fce7ba079ff1380e4ab4529d2fe233/debugpy-1.8.17-py2.py3-none-any.whl
  name: debugpy
  version: 1.8.17
  sha256: 60c7dca6571efe660ccb7a9508d73ca14b8796c4ed484c2002abba714226cfef
  requires_python: '>=3.8'
- pypi: https://files.pythonhosted.org/packages/4e/8c/f3147f5c4b73e7550fe5f9352eaa956ae838d5c51eb58e7a25b9f3e2643b/decorator-5.2.1-py3-none-any.whl
  name: decorator
  version: 5.2.1
  sha256: d316bb415a2d9e2d2b3abcc4084c6502fc09240e292cd76a76afc106a1c8e04a
  requires_python: '>=3.8'
- pypi: https://files.pythonhosted.org/packages/c1/ea/53f2148663b321f21b5a606bd5f191517cf40b7072c0497d3c92c4a13b1e/executing-2.2.1-py2.py3-none-any.whl
  name: executing
  version: 2.2.1
  sha256: 760643d3452b4d777d295bb167ccc74c64a81df23fb5e08eff250c425a4b2017
  requires_dist:
  - asttokens>=2.1.0 ; extra == 'tests'
  - ipython ; extra == 'tests'
  - pytest ; extra == 'tests'
  - coverage ; extra == 'tests'
  - coverage-enable-subprocess ; extra == 'tests'
  - littleutils ; extra == 'tests'
  - rich ; python_full_version >= '3.11' and extra == 'tests'
  requires_python: '>=3.8'
- pypi: https://files.pythonhosted.org/packages/4e/80/c87bc524a90dbeb2a390eea23eae448286983da59b7e02c67fa0ca96a8c5/fonttools-4.61.0-cp313-cp313-manylinux1_x86_64.manylinux2014_x86_64.manylinux_2_17_x86_64.manylinux_2_5_x86_64.whl
  name: fonttools
  version: 4.61.0
  sha256: b2b734d8391afe3c682320840c8191de9bd24e7eb85768dd4dc06ed1b63dbb1b
  requires_dist:
  - lxml>=4.0 ; extra == 'lxml'
  - brotli>=1.0.1 ; platform_python_implementation == 'CPython' and extra == 'woff'
  - brotlicffi>=0.8.0 ; platform_python_implementation != 'CPython' and extra == 'woff'
  - zopfli>=0.1.4 ; extra == 'woff'
  - unicodedata2>=17.0.0 ; python_full_version < '3.15' and extra == 'unicode'
  - lz4>=1.7.4.2 ; extra == 'graphite'
  - scipy ; platform_python_implementation != 'PyPy' and extra == 'interpolatable'
  - munkres ; platform_python_implementation == 'PyPy' and extra == 'interpolatable'
  - pycairo ; extra == 'interpolatable'
  - matplotlib ; extra == 'plot'
  - sympy ; extra == 'symfont'
  - xattr ; sys_platform == 'darwin' and extra == 'type1'
  - skia-pathops>=0.5.0 ; extra == 'pathops'
  - uharfbuzz>=0.45.0 ; extra == 'repacker'
  - lxml>=4.0 ; extra == 'all'
  - brotli>=1.0.1 ; platform_python_implementation == 'CPython' and extra == 'all'
  - brotlicffi>=0.8.0 ; platform_python_implementation != 'CPython' and extra == 'all'
  - zopfli>=0.1.4 ; extra == 'all'
  - unicodedata2>=17.0.0 ; python_full_version < '3.15' and extra == 'all'
  - lz4>=1.7.4.2 ; extra == 'all'
  - scipy ; platform_python_implementation != 'PyPy' and extra == 'all'
  - munkres ; platform_python_implementation == 'PyPy' and extra == 'all'
  - pycairo ; extra == 'all'
  - matplotlib ; extra == 'all'
  - sympy ; extra == 'all'
  - xattr ; sys_platform == 'darwin' and extra == 'all'
  - skia-pathops>=0.5.0 ; extra == 'all'
  - uharfbuzz>=0.45.0 ; extra == 'all'
  requires_python: '>=3.10'
- pypi: https://files.pythonhosted.org/packages/d9/69/4402ea66272dacc10b298cca18ed73e1c0791ff2ae9ed218d3859f9698ac/h5py-3.15.1-cp313-cp313-manylinux_2_27_x86_64.manylinux_2_28_x86_64.whl
  name: h5py
  version: 3.15.1
  sha256: 121b2b7a4c1915d63737483b7bff14ef253020f617c2fb2811f67a4bed9ac5e8
  requires_dist:
  - numpy>=1.21.2
  requires_python: '>=3.10'
- pypi: https://files.pythonhosted.org/packages/a3/a0/647c0f205f9ef730bcb05bb8e1087e0c86d44835fc1f248dd67f01edd6fc/ipykernel-6.21.3-py3-none-any.whl
  name: ipykernel
  version: 6.21.3
  sha256: 24ebd9715e317c185e37156ab3a87382410185230dde7aeffce389d6c7d4428a
  requires_dist:
  - appnope ; sys_platform == 'darwin'
  - comm>=0.1.1
  - debugpy>=1.6.5
  - ipython>=7.23.1
  - jupyter-client>=6.1.12
  - jupyter-core>=4.12,!=5.0.*
  - matplotlib-inline>=0.1
  - nest-asyncio
  - packaging
  - psutil
  - pyzmq>=20
  - tornado>=6.1
  - traitlets>=5.4.0
  - coverage[toml] ; extra == 'cov'
  - curio ; extra == 'cov'
  - matplotlib ; extra == 'cov'
  - pytest-cov ; extra == 'cov'
  - trio ; extra == 'cov'
  - myst-parser ; extra == 'docs'
  - pydata-sphinx-theme ; extra == 'docs'
  - sphinx ; extra == 'docs'
  - sphinx-autodoc-typehints ; extra == 'docs'
  - sphinxcontrib-github-alt ; extra == 'docs'
  - sphinxcontrib-spelling ; extra == 'docs'
  - trio ; extra == 'docs'
  - pyqt5 ; extra == 'pyqt5'
  - pyside6 ; extra == 'pyside6'
  - flaky ; extra == 'test'
  - ipyparallel ; extra == 'test'
  - pre-commit ; extra == 'test'
  - pytest-asyncio ; extra == 'test'
  - pytest-cov ; extra == 'test'
  - pytest-timeout ; extra == 'test'
  - pytest>=7.0 ; extra == 'test'
  requires_python: '>=3.8'
- pypi: https://files.pythonhosted.org/packages/f1/df/8ee1c5dd1e3308b5d5b2f2dfea323bb2f3827da8d654abb6642051199049/ipython-9.8.0-py3-none-any.whl
  name: ipython
  version: 9.8.0
  sha256: ebe6d1d58d7d988fbf23ff8ff6d8e1622cfdb194daf4b7b73b792c4ec3b85385
  requires_dist:
  - colorama>=0.4.4 ; sys_platform == 'win32'
  - decorator>=4.3.2
  - ipython-pygments-lexers>=1.0.0
  - jedi>=0.18.1
  - matplotlib-inline>=0.1.5
  - pexpect>4.3 ; sys_platform != 'emscripten' and sys_platform != 'win32'
  - prompt-toolkit>=3.0.41,<3.1.0
  - pygments>=2.11.0
  - stack-data>=0.6.0
  - traitlets>=5.13.0
  - typing-extensions>=4.6 ; python_full_version < '3.12'
  - black ; extra == 'black'
  - docrepr ; extra == 'doc'
  - exceptiongroup ; extra == 'doc'
  - intersphinx-registry ; extra == 'doc'
  - ipykernel ; extra == 'doc'
  - ipython[matplotlib,test] ; extra == 'doc'
  - setuptools>=70.0 ; extra == 'doc'
  - sphinx-toml==0.0.4 ; extra == 'doc'
  - sphinx-rtd-theme>=0.1.8 ; extra == 'doc'
  - sphinx>=8.0 ; extra == 'doc'
  - typing-extensions ; extra == 'doc'
  - pytest>=7.0.0 ; extra == 'test'
  - pytest-asyncio>=1.0.0 ; extra == 'test'
  - testpath>=0.2 ; extra == 'test'
  - packaging>=20.1.0 ; extra == 'test'
  - setuptools>=61.2 ; extra == 'test'
  - ipython[test] ; extra == 'test-extra'
  - curio ; extra == 'test-extra'
  - jupyter-ai ; extra == 'test-extra'
  - ipython[matplotlib] ; extra == 'test-extra'
  - nbformat ; extra == 'test-extra'
  - nbclient ; extra == 'test-extra'
  - ipykernel>6.30 ; extra == 'test-extra'
  - numpy>=1.27 ; extra == 'test-extra'
  - pandas>2.1 ; extra == 'test-extra'
  - trio>=0.1.0 ; extra == 'test-extra'
  - matplotlib>3.9 ; extra == 'matplotlib'
  - ipython[doc,matplotlib,test,test-extra] ; extra == 'all'
  requires_python: '>=3.11'
- pypi: https://files.pythonhosted.org/packages/d9/33/1f075bf72b0b747cb3288d011319aaf64083cf2efef8354174e3ed4540e2/ipython_pygments_lexers-1.1.1-py3-none-any.whl
  name: ipython-pygments-lexers
  version: 1.1.1
  sha256: a9462224a505ade19a605f71f8fa63c2048833ce50abc86768a0d81d876dc81c
  requires_dist:
  - pygments
  requires_python: '>=3.8'
- pypi: https://files.pythonhosted.org/packages/c0/5a/9cac0c82afec3d09ccd97c8b6502d48f165f9124db81b4bcb90b4af974ee/jedi-0.19.2-py2.py3-none-any.whl
  name: jedi
  version: 0.19.2
  sha256: a8ef22bde8490f57fe5c7681a3c83cb58874daf72b4784de3cce5b6ef6edb5b9
  requires_dist:
  - parso>=0.8.4,<0.9.0
  - jinja2==2.11.3 ; extra == 'docs'
  - markupsafe==1.1.1 ; extra == 'docs'
  - pygments==2.8.1 ; extra == 'docs'
  - alabaster==0.7.12 ; extra == 'docs'
  - babel==2.9.1 ; extra == 'docs'
  - chardet==4.0.0 ; extra == 'docs'
  - commonmark==0.8.1 ; extra == 'docs'
  - docutils==0.17.1 ; extra == 'docs'
  - future==0.18.2 ; extra == 'docs'
  - idna==2.10 ; extra == 'docs'
  - imagesize==1.2.0 ; extra == 'docs'
  - mock==1.0.1 ; extra == 'docs'
  - packaging==20.9 ; extra == 'docs'
  - pyparsing==2.4.7 ; extra == 'docs'
  - pytz==2021.1 ; extra == 'docs'
  - readthedocs-sphinx-ext==2.1.4 ; extra == 'docs'
  - recommonmark==0.5.0 ; extra == 'docs'
  - requests==2.25.1 ; extra == 'docs'
  - six==1.15.0 ; extra == 'docs'
  - snowballstemmer==2.1.0 ; extra == 'docs'
  - sphinx-rtd-theme==0.4.3 ; extra == 'docs'
  - sphinx==1.8.5 ; extra == 'docs'
  - sphinxcontrib-serializinghtml==1.1.4 ; extra == 'docs'
  - sphinxcontrib-websupport==1.2.4 ; extra == 'docs'
  - urllib3==1.26.4 ; extra == 'docs'
  - flake8==5.0.4 ; extra == 'qa'
  - mypy==0.971 ; extra == 'qa'
  - types-setuptools==67.2.0.1 ; extra == 'qa'
  - django ; extra == 'testing'
  - attrs ; extra == 'testing'
  - colorama ; extra == 'testing'
  - docopt ; extra == 'testing'
  - pytest<9.0.0 ; extra == 'testing'
  requires_python: '>=3.6'
- pypi: https://files.pythonhosted.org/packages/11/85/b0394e0b6fcccd2c1eeefc230978a6f8cb0c5df1e4cd3e7625735a0d7d1e/jupyter_client-8.6.3-py3-none-any.whl
  name: jupyter-client
  version: 8.6.3
  sha256: e8a19cc986cc45905ac3362915f410f3af85424b4c0905e94fa5f2cb08e8f23f
  requires_dist:
  - importlib-metadata>=4.8.3 ; python_full_version < '3.10'
  - jupyter-core>=4.12,!=5.0.*
  - python-dateutil>=2.8.2
  - pyzmq>=23.0
  - tornado>=6.2
  - traitlets>=5.3
  - ipykernel ; extra == 'docs'
  - myst-parser ; extra == 'docs'
  - pydata-sphinx-theme ; extra == 'docs'
  - sphinx-autodoc-typehints ; extra == 'docs'
  - sphinx>=4 ; extra == 'docs'
  - sphinxcontrib-github-alt ; extra == 'docs'
  - sphinxcontrib-spelling ; extra == 'docs'
  - coverage ; extra == 'test'
  - ipykernel>=6.14 ; extra == 'test'
  - mypy ; extra == 'test'
  - paramiko ; sys_platform == 'win32' and extra == 'test'
  - pre-commit ; extra == 'test'
  - pytest-cov ; extra == 'test'
  - pytest-jupyter[client]>=0.4.1 ; extra == 'test'
  - pytest-timeout ; extra == 'test'
  - pytest<8.2.0 ; extra == 'test'
  requires_python: '>=3.8'
- pypi: https://files.pythonhosted.org/packages/e7/e7/80988e32bf6f73919a113473a604f5a8f09094de312b9d52b79c2df7612b/jupyter_core-5.9.1-py3-none-any.whl
  name: jupyter-core
  version: 5.9.1
  sha256: ebf87fdc6073d142e114c72c9e29a9d7ca03fad818c5d300ce2adc1fb0743407
  requires_dist:
  - platformdirs>=2.5
  - traitlets>=5.3
  - intersphinx-registry ; extra == 'docs'
  - myst-parser ; extra == 'docs'
  - pydata-sphinx-theme ; extra == 'docs'
  - sphinx-autodoc-typehints ; extra == 'docs'
  - sphinxcontrib-spelling ; extra == 'docs'
  - traitlets ; extra == 'docs'
  - ipykernel ; extra == 'test'
  - pre-commit ; extra == 'test'
  - pytest-cov ; extra == 'test'
  - pytest-timeout ; extra == 'test'
  - pytest<9 ; extra == 'test'
  requires_python: '>=3.10'
- pypi: https://files.pythonhosted.org/packages/e9/e9/f218a2cb3a9ffbe324ca29a9e399fa2d2866d7f348ec3a88df87fc248fc5/kiwisolver-1.4.9-cp313-cp313-manylinux2014_x86_64.manylinux_2_17_x86_64.whl
  name: kiwisolver
  version: 1.4.9
  sha256: b67e6efbf68e077dd71d1a6b37e43e1a99d0bff1a3d51867d45ee8908b931098
  requires_python: '>=3.10'
- conda: https://conda.anaconda.org/conda-forge/linux-64/ld_impl_linux-64-2.45-default_hbd61a6d_104.conda
  sha256: 9e191baf2426a19507f1d0a17be0fdb7aa155cdf0f61d5a09c808e0a69464312
  md5: a6abd2796fc332536735f68ba23f7901
  depends:
  - __glibc >=2.17,<3.0.a0
  - zstd >=1.5.7,<1.6.0a0
  constrains:
  - binutils_impl_linux-64 2.45
  license: GPL-3.0-only
  license_family: GPL
  purls: []
  size: 725545
  timestamp: 1764007826689
- conda: https://conda.anaconda.org/conda-forge/linux-64/libexpat-2.7.3-hecca717_0.conda
  sha256: 1e1b08f6211629cbc2efe7a5bca5953f8f6b3cae0eeb04ca4dacee1bd4e2db2f
  md5: 8b09ae86839581147ef2e5c5e229d164
  depends:
  - __glibc >=2.17,<3.0.a0
  - libgcc >=14
  constrains:
  - expat 2.7.3.*
  license: MIT
  license_family: MIT
  purls: []
  size: 76643
  timestamp: 1763549731408
- conda: https://conda.anaconda.org/conda-forge/linux-64/libffi-3.5.2-h9ec8514_0.conda
  sha256: 25cbdfa65580cfab1b8d15ee90b4c9f1e0d72128f1661449c9a999d341377d54
  md5: 35f29eec58405aaf55e01cb470d8c26a
  depends:
  - __glibc >=2.17,<3.0.a0
  - libgcc >=14
  license: MIT
  license_family: MIT
  purls: []
  size: 57821
  timestamp: 1760295480630
- conda: https://conda.anaconda.org/conda-forge/linux-64/libgcc-15.2.0-he0feb66_15.conda
  sha256: 37f2edde2f8281672987c63f13c85a57d04d889dc929ce38204426d5eb2059cc
  md5: a5d86b0496174a412d531eac03af9174
  depends:
  - __glibc >=2.17,<3.0.a0
  - _openmp_mutex >=4.5
  constrains:
  - libgomp 15.2.0 he0feb66_15
  - libgcc-ng ==15.2.0=*_15
  license: GPL-3.0-only WITH GCC-exception-3.1
  purls: []
  size: 1041379
  timestamp: 1764836112865
- conda: https://conda.anaconda.org/conda-forge/linux-64/libgomp-15.2.0-he0feb66_15.conda
  sha256: b3c4e39be7aba6f5a8695d428362c5c918b96a281ce0a7037f1e889dfc340615
  md5: a90d6983da0757f4c09bb8fcfaf34e71
  depends:
  - __glibc >=2.17,<3.0.a0
  license: GPL-3.0-only WITH GCC-exception-3.1
  purls: []
  size: 602978
  timestamp: 1764836011147
- conda: https://conda.anaconda.org/conda-forge/linux-64/liblzma-5.8.1-hb9d3cd8_2.conda
  sha256: f2591c0069447bbe28d4d696b7fcb0c5bd0b4ac582769b89addbcf26fb3430d8
  md5: 1a580f7796c7bf6393fddb8bbbde58dc
  depends:
  - __glibc >=2.17,<3.0.a0
  - libgcc >=13
  constrains:
  - xz 5.8.1.*
  license: 0BSD
  purls: []
  size: 112894
  timestamp: 1749230047870
- conda: https://conda.anaconda.org/conda-forge/linux-64/libmpdec-4.0.0-hb9d3cd8_0.conda
  sha256: 3aa92d4074d4063f2a162cd8ecb45dccac93e543e565c01a787e16a43501f7ee
  md5: c7e925f37e3b40d893459e625f6a53f1
  depends:
  - __glibc >=2.17,<3.0.a0
  - libgcc >=13
  license: BSD-2-Clause
  license_family: BSD
  purls: []
  size: 91183
  timestamp: 1748393666725
- conda: https://conda.anaconda.org/conda-forge/linux-64/libsqlite-3.51.1-h0c1763c_0.conda
  sha256: 6f0e8a812e8e33a4d8b7a0e595efe28373080d27b78ee4828aa4f6649a088454
  md5: 2e1b84d273b01835256e53fd938de355
  depends:
  - __glibc >=2.17,<3.0.a0
  - libgcc >=14
  - libzlib >=1.3.1,<2.0a0
  license: blessing
  purls: []
  size: 938979
  timestamp: 1764359444435
- conda: https://conda.anaconda.org/conda-forge/linux-64/libuuid-2.41.2-h5347b49_1.conda
  sha256: 030447cf827c471abd37092ab9714fde82b8222106f22fde94bc7a64e2704c40
  md5: 41f5c09a211985c3ce642d60721e7c3e
  depends:
  - __glibc >=2.17,<3.0.a0
  - libgcc >=14
  license: BSD-3-Clause
  purls: []
  size: 40235
  timestamp: 1764790744114
- conda: https://conda.anaconda.org/conda-forge/linux-64/libzlib-1.3.1-hb9d3cd8_2.conda
  sha256: d4bfe88d7cb447768e31650f06257995601f89076080e76df55e3112d4e47dc4
  md5: edb0dca6bc32e4f4789199455a1dbeb8
  depends:
  - __glibc >=2.17,<3.0.a0
  - libgcc >=13
  constrains:
  - zlib 1.3.1 *_2
  license: Zlib
  license_family: Other
  purls: []
  size: 60963
  timestamp: 1727963148474
- pypi: https://files.pythonhosted.org/packages/f7/97/ad1a907c0173a90dd4df7228f24a3ec61058bc1a9ff8a0caec20a0cc622e/llvmlite-0.45.1-cp313-cp313-manylinux2014_x86_64.manylinux_2_17_x86_64.whl
  name: llvmlite
  version: 0.45.1
  sha256: 57c48bf2e1083eedbc9406fb83c4e6483017879714916fe8be8a72a9672c995a
  requires_python: '>=3.10'
- pypi: https://files.pythonhosted.org/packages/0c/29/0348de65b8cc732daa3e33e67806420b2ae89bdce2b04af740289c5c6c8c/loguru-0.7.3-py3-none-any.whl
  name: loguru
  version: 0.7.3
  sha256: 31a33c10c8e1e10422bfd431aeb5d351c7cf7fa671e3c4df004162264b28220c
  requires_dist:
  - colorama>=0.3.4 ; sys_platform == 'win32'
  - aiocontextvars>=0.2.0 ; python_full_version < '3.7'
  - win32-setctime>=1.0.0 ; sys_platform == 'win32'
  - pre-commit==4.0.1 ; python_full_version >= '3.9' and extra == 'dev'
  - tox==3.27.1 ; python_full_version < '3.8' and extra == 'dev'
  - tox==4.23.2 ; python_full_version >= '3.8' and extra == 'dev'
  - pytest==6.1.2 ; python_full_version < '3.8' and extra == 'dev'
  - pytest==8.3.2 ; python_full_version >= '3.8' and extra == 'dev'
  - pytest-cov==2.12.1 ; python_full_version < '3.8' and extra == 'dev'
  - pytest-cov==5.0.0 ; python_full_version == '3.8.*' and extra == 'dev'
  - pytest-cov==6.0.0 ; python_full_version >= '3.9' and extra == 'dev'
  - pytest-mypy-plugins==1.9.3 ; python_full_version >= '3.6' and python_full_version < '3.8' and extra == 'dev'
  - pytest-mypy-plugins==3.1.0 ; python_full_version >= '3.8' and extra == 'dev'
  - colorama==0.4.5 ; python_full_version < '3.8' and extra == 'dev'
  - colorama==0.4.6 ; python_full_version >= '3.8' and extra == 'dev'
  - freezegun==1.1.0 ; python_full_version < '3.8' and extra == 'dev'
  - freezegun==1.5.0 ; python_full_version >= '3.8' and extra == 'dev'
  - exceptiongroup==1.1.3 ; python_full_version >= '3.7' and python_full_version < '3.11' and extra == 'dev'
  - mypy==0.910 ; python_full_version < '3.6' and extra == 'dev'
  - mypy==0.971 ; python_full_version == '3.6.*' and extra == 'dev'
  - mypy==1.4.1 ; python_full_version == '3.7.*' and extra == 'dev'
  - mypy==1.13.0 ; python_full_version >= '3.8' and extra == 'dev'
  - sphinx==8.1.3 ; python_full_version >= '3.11' and extra == 'dev'
  - sphinx-rtd-theme==3.0.2 ; python_full_version >= '3.11' and extra == 'dev'
  - myst-parser==4.0.0 ; python_full_version >= '3.11' and extra == 'dev'
  - build==1.2.2 ; python_full_version >= '3.11' and extra == 'dev'
  - twine==6.0.1 ; python_full_version >= '3.11' and extra == 'dev'
  requires_python: '>=3.5,<4.0'
- pypi: https://files.pythonhosted.org/packages/22/ff/6425bf5c20d79aa5b959d1ce9e65f599632345391381c9a104133fe0b171/matplotlib-3.10.7-cp313-cp313-manylinux2014_x86_64.manylinux_2_17_x86_64.whl
  name: matplotlib
  version: 3.10.7
  sha256: b3c4ea4948d93c9c29dc01c0c23eef66f2101bf75158c291b88de6525c55c3d1
  requires_dist:
  - contourpy>=1.0.1
  - cycler>=0.10
  - fonttools>=4.22.0
  - kiwisolver>=1.3.1
  - numpy>=1.23
  - packaging>=20.0
  - pillow>=8
  - pyparsing>=3
  - python-dateutil>=2.7
  - meson-python>=0.13.1,<0.17.0 ; extra == 'dev'
  - pybind11>=2.13.2,!=2.13.3 ; extra == 'dev'
  - setuptools-scm>=7 ; extra == 'dev'
  - setuptools>=64 ; extra == 'dev'
  requires_python: '>=3.10'
- pypi: https://files.pythonhosted.org/packages/af/33/ee4519fa02ed11a94aef9559552f3b17bb863f2ecfe1a35dc7f548cde231/matplotlib_inline-0.2.1-py3-none-any.whl
  name: matplotlib-inline
  version: 0.2.1
  sha256: d56ce5156ba6085e00a9d54fead6ed29a9c47e215cd1bba2e976ef39f5710a76
  requires_dist:
  - traitlets
  - flake8 ; extra == 'test'
  - nbdime ; extra == 'test'
  - nbval ; extra == 'test'
  - notebook ; extra == 'test'
  - pytest ; extra == 'test'
  requires_python: '>=3.9'
- conda: https://conda.anaconda.org/conda-forge/linux-64/ncurses-6.5-h2d0b736_3.conda
  sha256: 3fde293232fa3fca98635e1167de6b7c7fda83caf24b9d6c91ec9eefb4f4d586
  md5: 47e340acb35de30501a76c7c799c41d7
  depends:
  - __glibc >=2.17,<3.0.a0
  - libgcc >=13
  license: X11 AND BSD-3-Clause
  purls: []
  size: 891641
  timestamp: 1738195959188
- pypi: https://files.pythonhosted.org/packages/a0/c4/c2971a3ba4c6103a3d10c4b0f24f461ddc027f0f09763220cf35ca1401b3/nest_asyncio-1.6.0-py3-none-any.whl
  name: nest-asyncio
  version: 1.6.0
  sha256: 87af6efd6b5e897c81050477ef65c62e2b2f35d51703cae01aff2905b1852e1c
  requires_python: '>=3.5'
- pypi: https://files.pythonhosted.org/packages/78/7e/bf2e3634993d57f95305c7cee4c9c6cb3c9c78404ee7b49569a0dfecfe33/numba-0.62.1-cp313-cp313-manylinux2014_x86_64.manylinux_2_17_x86_64.whl
  name: numba
  version: 0.62.1
  sha256: 8c9460b9e936c5bd2f0570e20a0a5909ee6e8b694fd958b210e3bde3a6dba2d7
  requires_dist:
  - llvmlite>=0.45.0.dev0,<0.46
  - numpy>=1.22,<2.4
  requires_python: '>=3.10'
- pypi: https://files.pythonhosted.org/packages/f5/10/ca162f45a102738958dcec8023062dad0cbc17d1ab99d68c4e4a6c45fb2b/numpy-2.3.5-cp313-cp313-manylinux_2_27_x86_64.manylinux_2_28_x86_64.whl
  name: numpy
  version: 2.3.5
  sha256: 11e06aa0af8c0f05104d56450d6093ee639e15f24ecf62d417329d06e522e017
  requires_python: '>=3.11'
- conda: https://conda.anaconda.org/conda-forge/linux-64/openssl-3.6.0-h26f9b46_0.conda
  sha256: a47271202f4518a484956968335b2521409c8173e123ab381e775c358c67fe6d
  md5: 9ee58d5c534af06558933af3c845a780
  depends:
  - __glibc >=2.17,<3.0.a0
  - ca-certificates
  - libgcc >=14
  license: Apache-2.0
  license_family: Apache
  purls: []
  size: 3165399
  timestamp: 1762839186699
- pypi: https://files.pythonhosted.org/packages/20/12/38679034af332785aac8774540895e234f4d07f7545804097de4b666afd8/packaging-25.0-py3-none-any.whl
  name: packaging
  version: '25.0'
  sha256: 29572ef2b1f17581046b3a2227d5c611fb25ec70ca1ba8554b24b0e69331a484
  requires_python: '>=3.8'
- pypi: https://files.pythonhosted.org/packages/16/32/f8e3c85d1d5250232a5d3477a2a28cc291968ff175caeadaf3cc19ce0e4a/parso-0.8.5-py2.py3-none-any.whl
  name: parso
  version: 0.8.5
  sha256: 646204b5ee239c396d040b90f9e272e9a8017c630092bf59980beb62fd033887
  requires_dist:
  - pytest ; extra == 'testing'
  - docopt ; extra == 'testing'
  - flake8==5.0.4 ; extra == 'qa'
  - mypy==0.971 ; extra == 'qa'
  - types-setuptools==67.2.0.1 ; extra == 'qa'
  requires_python: '>=3.6'
- pypi: https://files.pythonhosted.org/packages/9e/c3/059298687310d527a58bb01f3b1965787ee3b40dce76752eda8b44e9a2c5/pexpect-4.9.0-py2.py3-none-any.whl
  name: pexpect
  version: 4.9.0
  sha256: 7236d1e080e4936be2dc3e326cec0af72acf9212a7e1d060210e70a47e253523
  requires_dist:
  - ptyprocess>=0.5
- pypi: https://files.pythonhosted.org/packages/38/57/755dbd06530a27a5ed74f8cb0a7a44a21722ebf318edbe67ddbd7fb28f88/pillow-12.0.0-cp313-cp313-manylinux_2_27_x86_64.manylinux_2_28_x86_64.whl
  name: pillow
  version: 12.0.0
  sha256: f4f1231b7dec408e8670264ce63e9c71409d9583dd21d32c163e25213ee2a344
  requires_dist:
  - furo ; extra == 'docs'
  - olefile ; extra == 'docs'
  - sphinx>=8.2 ; extra == 'docs'
  - sphinx-autobuild ; extra == 'docs'
  - sphinx-copybutton ; extra == 'docs'
  - sphinx-inline-tabs ; extra == 'docs'
  - sphinxext-opengraph ; extra == 'docs'
  - olefile ; extra == 'fpx'
  - olefile ; extra == 'mic'
  - arro3-compute ; extra == 'test-arrow'
  - arro3-core ; extra == 'test-arrow'
  - nanoarrow ; extra == 'test-arrow'
  - pyarrow ; extra == 'test-arrow'
  - check-manifest ; extra == 'tests'
  - coverage>=7.4.2 ; extra == 'tests'
  - defusedxml ; extra == 'tests'
  - markdown2 ; extra == 'tests'
  - olefile ; extra == 'tests'
  - packaging ; extra == 'tests'
  - pyroma>=5 ; extra == 'tests'
  - pytest ; extra == 'tests'
  - pytest-cov ; extra == 'tests'
  - pytest-timeout ; extra == 'tests'
  - pytest-xdist ; extra == 'tests'
  - trove-classifiers>=2024.10.12 ; extra == 'tests'
  - defusedxml ; extra == 'xmp'
  requires_python: '>=3.10'
- pypi: https://files.pythonhosted.org/packages/44/3c/d717024885424591d5376220b5e836c2d5293ce2011523c9de23ff7bf068/pip-25.3-py3-none-any.whl
  name: pip
  version: '25.3'
  sha256: 9655943313a94722b7774661c21049070f6bbb0a1516bf02f7c8d5d9201514cd
  requires_python: '>=3.9'
- pypi: https://files.pythonhosted.org/packages/73/cb/ac7874b3e5d58441674fb70742e6c374b28b0c7cb988d37d991cde47166c/platformdirs-4.5.0-py3-none-any.whl
  name: platformdirs
  version: 4.5.0
  sha256: e578a81bb873cbb89a41fcc904c7ef523cc18284b7e3b3ccf06aca1403b7ebd3
  requires_dist:
  - furo>=2025.9.25 ; extra == 'docs'
  - proselint>=0.14 ; extra == 'docs'
  - sphinx-autodoc-typehints>=3.2 ; extra == 'docs'
  - sphinx>=8.2.3 ; extra == 'docs'
  - appdirs==1.4.4 ; extra == 'test'
  - covdefaults>=2.3 ; extra == 'test'
  - pytest-cov>=7 ; extra == 'test'
  - pytest-mock>=3.15.1 ; extra == 'test'
  - pytest>=8.4.2 ; extra == 'test'
  - mypy>=1.18.2 ; extra == 'type'
  requires_python: '>=3.10'
- pypi: https://files.pythonhosted.org/packages/84/03/0d3ce49e2505ae70cf43bc5bb3033955d2fc9f932163e84dc0779cc47f48/prompt_toolkit-3.0.52-py3-none-any.whl
  name: prompt-toolkit
  version: 3.0.52
  sha256: 9aac639a3bbd33284347de5ad8d68ecc044b91a762dc39b7c21095fcd6a19955
  requires_dist:
  - wcwidth
  requires_python: '>=3.8'
- pypi: https://files.pythonhosted.org/packages/ce/b1/5f49af514f76431ba4eea935b8ad3725cdeb397e9245ab919dbc1d1dc20f/psutil-7.1.3-cp36-abi3-manylinux2010_x86_64.manylinux_2_12_x86_64.manylinux_2_28_x86_64.whl
  name: psutil
  version: 7.1.3
  sha256: 3bb428f9f05c1225a558f53e30ccbad9930b11c3fc206836242de1091d3e7dd3
  requires_dist:
  - pytest ; extra == 'dev'
  - pytest-instafail ; extra == 'dev'
  - pytest-subtests ; extra == 'dev'
  - pytest-xdist ; extra == 'dev'
  - setuptools ; extra == 'dev'
  - abi3audit ; extra == 'dev'
  - black ; extra == 'dev'
  - check-manifest ; extra == 'dev'
  - coverage ; extra == 'dev'
  - packaging ; extra == 'dev'
  - pylint ; extra == 'dev'
  - pyperf ; extra == 'dev'
  - pypinfo ; extra == 'dev'
  - pytest-cov ; extra == 'dev'
  - requests ; extra == 'dev'
  - rstcheck ; extra == 'dev'
  - ruff ; extra == 'dev'
  - sphinx ; extra == 'dev'
  - sphinx-rtd-theme ; extra == 'dev'
  - toml-sort ; extra == 'dev'
  - twine ; extra == 'dev'
  - validate-pyproject[all] ; extra == 'dev'
  - virtualenv ; extra == 'dev'
  - vulture ; extra == 'dev'
  - wheel ; extra == 'dev'
  - colorama ; os_name == 'nt' and extra == 'dev'
  - pyreadline ; os_name == 'nt' and extra == 'dev'
  - pywin32 ; os_name == 'nt' and platform_python_implementation != 'PyPy' and extra == 'dev'
  - wheel ; os_name == 'nt' and platform_python_implementation != 'PyPy' and extra == 'dev'
  - wmi ; os_name == 'nt' and platform_python_implementation != 'PyPy' and extra == 'dev'
  - pytest ; extra == 'test'
  - pytest-instafail ; extra == 'test'
  - pytest-subtests ; extra == 'test'
  - pytest-xdist ; extra == 'test'
  - setuptools ; extra == 'test'
  - pywin32 ; os_name == 'nt' and platform_python_implementation != 'PyPy' and extra == 'test'
  - wheel ; os_name == 'nt' and platform_python_implementation != 'PyPy' and extra == 'test'
  - wmi ; os_name == 'nt' and platform_python_implementation != 'PyPy' and extra == 'test'
  requires_python: '>=3.6'
- pypi: https://files.pythonhosted.org/packages/22/a6/858897256d0deac81a172289110f31629fc4cee19b6f01283303e18c8db3/ptyprocess-0.7.0-py2.py3-none-any.whl
  name: ptyprocess
  version: 0.7.0
  sha256: 4b41f3967fce3af57cc7e94b888626c18bf37a083e3651ca8feeb66d492fef35
- pypi: https://files.pythonhosted.org/packages/8e/37/efad0257dc6e593a18957422533ff0f87ede7c9c6ea010a2177d738fb82f/pure_eval-0.2.3-py3-none-any.whl
  name: pure-eval
  version: 0.2.3
  sha256: 1db8e35b67b3d218d818ae653e27f06c3aa420901fa7b081ca98cbedc874e0d0
  requires_dist:
  - pytest ; extra == 'tests'
- pypi: https://files.pythonhosted.org/packages/c7/21/705964c7812476f378728bdf590ca4b771ec72385c533964653c68e86bdc/pygments-2.19.2-py3-none-any.whl
  name: pygments
  version: 2.19.2
  sha256: 86540386c03d588bb81d44bc3928634ff26449851e99741617ecb9037ee5ec0b
  requires_dist:
  - colorama>=0.4.6 ; extra == 'windows-terminal'
  requires_python: '>=3.8'
- pypi: https://files.pythonhosted.org/packages/10/5e/1aa9a93198c6b64513c9d7752de7422c06402de6600a8767da1524f9570b/pyparsing-3.2.5-py3-none-any.whl
  name: pyparsing
  version: 3.2.5
  sha256: e38a4f02064cf41fe6593d328d0512495ad1f3d8a91c4f73fc401b3079a59a5e
  requires_dist:
  - railroad-diagrams ; extra == 'diagrams'
  - jinja2 ; extra == 'diagrams'
  requires_python: '>=3.9'
- conda: https://conda.anaconda.org/conda-forge/linux-64/python-3.13.10-hc97d973_100_cp313.conda
  build_number: 100
  sha256: fbc193c94b72b09b1e5b4ae7d65764b90bb9e6e4d672481d91d8769ab20e909e
  md5: 9e9d4de52c55af3563a00981fb39cbed
  depends:
  - __glibc >=2.17,<3.0.a0
  - bzip2 >=1.0.8,<2.0a0
  - ld_impl_linux-64 >=2.36.1
  - libexpat >=2.7.3,<3.0a0
  - libffi >=3.5.2,<3.6.0a0
  - libgcc >=14
  - liblzma >=5.8.1,<6.0a0
  - libmpdec >=4.0.0,<5.0a0
  - libsqlite >=3.51.1,<4.0a0
  - libuuid >=2.41.2,<3.0a0
  - libzlib >=1.3.1,<2.0a0
  - ncurses >=6.5,<7.0a0
  - openssl >=3.5.4,<4.0a0
  - python_abi 3.13.* *_cp313
  - readline >=8.2,<9.0a0
  - tk >=8.6.13,<8.7.0a0
  - tzdata
  license: Python-2.0
  purls: []
  size: 37104697
  timestamp: 1764755723771
  python_site_packages_path: lib/python3.13/site-packages
- pypi: https://files.pythonhosted.org/packages/ec/57/56b9bcc3c9c6a792fcbaf139543cee77261f3651ca9da0c93f5c1221264b/python_dateutil-2.9.0.post0-py2.py3-none-any.whl
  name: python-dateutil
  version: 2.9.0.post0
  sha256: a8b2bc7bffae282281c8140a97d3aa9c14da0b136dfe83f850eea9a5f7470427
  requires_dist:
  - six>=1.5
  requires_python: '>=2.7,!=3.0.*,!=3.1.*,!=3.2.*'
- conda: https://conda.anaconda.org/conda-forge/noarch/python_abi-3.13-8_cp313.conda
  build_number: 8
  sha256: 210bffe7b121e651419cb196a2a63687b087497595c9be9d20ebe97dd06060a7
  md5: 94305520c52a4aa3f6c2b1ff6008d9f8
  constrains:
  - python 3.13.* *_cp313
  license: BSD-3-Clause
  license_family: BSD
  purls: []
  size: 7002
  timestamp: 1752805902938
- pypi: https://files.pythonhosted.org/packages/e5/1b/a24c6ff03b026b826ad7b9267bd63cd34ce026795a0302f8a5403840b8e7/pywavelets-1.9.0-cp313-cp313-manylinux_2_27_x86_64.manylinux_2_28_x86_64.whl
  name: pywavelets
  version: 1.9.0
  sha256: ae10ed46c139c7ddb8b1249cfe0989f8ccb610d93f2899507b1b1573a0e424b5
  requires_dist:
  - numpy>=1.25,<3
  requires_python: '>=3.11'
- pypi: https://files.pythonhosted.org/packages/f8/9b/c108cdb55560eaf253f0cbdb61b29971e9fb34d9c3499b0e96e4e60ed8a5/pyzmq-27.1.0-cp312-abi3-manylinux_2_26_x86_64.manylinux_2_28_x86_64.whl
  name: pyzmq
  version: 27.1.0
  sha256: 43ad9a73e3da1fab5b0e7e13402f0b2fb934ae1c876c51d0afff0e7c052eca31
  requires_dist:
  - cffi ; implementation_name == 'pypy'
  requires_python: '>=3.8'
- conda: https://conda.anaconda.org/conda-forge/linux-64/readline-8.2-h8c095d6_2.conda
  sha256: 2d6d0c026902561ed77cd646b5021aef2d4db22e57a5b0178dfc669231e06d2c
  md5: 283b96675859b20a825f8fa30f311446
  depends:
  - libgcc >=13
  - ncurses >=6.5,<7.0a0
  license: GPL-3.0-only
  license_family: GPL
  purls: []
  size: 282480
  timestamp: 1740379431762
- pypi: https://files.pythonhosted.org/packages/21/f6/4bfb5695d8941e5c570a04d9fcd0d36bce7511b7d78e6e75c8f9791f82d0/scipy-1.16.3-cp313-cp313-manylinux2014_x86_64.manylinux_2_17_x86_64.whl
  name: scipy
  version: 1.16.3
  sha256: 7dc1360c06535ea6116a2220f760ae572db9f661aba2d88074fe30ec2aa1ff88
  requires_dist:
  - numpy>=1.25.2,<2.6
  - pytest>=8.0.0 ; extra == 'test'
  - pytest-cov ; extra == 'test'
  - pytest-timeout ; extra == 'test'
  - pytest-xdist ; extra == 'test'
  - asv ; extra == 'test'
  - mpmath ; extra == 'test'
  - gmpy2 ; extra == 'test'
  - threadpoolctl ; extra == 'test'
  - scikit-umfpack ; extra == 'test'
  - pooch ; extra == 'test'
  - hypothesis>=6.30 ; extra == 'test'
  - array-api-strict>=2.3.1 ; extra == 'test'
  - cython ; extra == 'test'
  - meson ; extra == 'test'
  - ninja ; sys_platform != 'emscripten' and extra == 'test'
  - sphinx>=5.0.0,<8.2.0 ; extra == 'doc'
  - intersphinx-registry ; extra == 'doc'
  - pydata-sphinx-theme>=0.15.2 ; extra == 'doc'
  - sphinx-copybutton ; extra == 'doc'
  - sphinx-design>=0.4.0 ; extra == 'doc'
  - matplotlib>=3.5 ; extra == 'doc'
  - numpydoc ; extra == 'doc'
  - jupytext ; extra == 'doc'
  - myst-nb>=1.2.0 ; extra == 'doc'
  - pooch ; extra == 'doc'
  - jupyterlite-sphinx>=0.19.1 ; extra == 'doc'
  - jupyterlite-pyodide-kernel ; extra == 'doc'
  - linkify-it-py ; extra == 'doc'
  - mypy==1.10.0 ; extra == 'dev'
  - typing-extensions ; extra == 'dev'
  - types-psutil ; extra == 'dev'
  - pycodestyle ; extra == 'dev'
  - ruff>=0.0.292 ; extra == 'dev'
  - cython-lint>=0.12.2 ; extra == 'dev'
  - rich-click ; extra == 'dev'
  - doit>=0.36.0 ; extra == 'dev'
  - pydevtool ; extra == 'dev'
  requires_python: '>=3.11'
- pypi: https://files.pythonhosted.org/packages/b7/ce/149a00dd41f10bc29e5921b496af8b574d8413afcd5e30dfa0ed46c2cc5e/six-1.17.0-py2.py3-none-any.whl
  name: six
  version: 1.17.0
  sha256: 4721f391ed90541fddacab5acf947aa0d3dc7d27b2e1e8eda2be8970586c3274
  requires_python: '>=2.7,!=3.0.*,!=3.1.*,!=3.2.*'
- pypi: https://files.pythonhosted.org/packages/f1/7b/ce1eafaf1a76852e2ec9b22edecf1daa58175c090266e9f6c64afcd81d91/stack_data-0.6.3-py3-none-any.whl
  name: stack-data
  version: 0.6.3
  sha256: d5558e0c25a4cb0853cddad3d77da9891a08cb85dd9f9f91b9f8cd66e511e695
  requires_dist:
  - executing>=1.2.0
  - asttokens>=2.1.0
  - pure-eval
  - pytest ; extra == 'tests'
  - typeguard ; extra == 'tests'
  - pygments ; extra == 'tests'
  - littleutils ; extra == 'tests'
  - cython ; extra == 'tests'
- conda: https://conda.anaconda.org/conda-forge/linux-64/tk-8.6.13-noxft_ha0e22de_103.conda
  sha256: 1544760538a40bcd8ace2b1d8ebe3eb5807ac268641f8acdc18c69c5ebfeaf64
  md5: 86bc20552bf46075e3d92b67f089172d
  depends:
  - __glibc >=2.17,<3.0.a0
  - libgcc >=13
  - libzlib >=1.3.1,<2.0a0
  constrains:
  - xorg-libx11 >=1.8.12,<2.0a0
  license: TCL
  license_family: BSD
  purls: []
  size: 3284905
  timestamp: 1763054914403
- pypi: https://files.pythonhosted.org/packages/44/6f/7120676b6d73228c96e17f1f794d8ab046fc910d781c8d151120c3f1569e/toml-0.10.2-py2.py3-none-any.whl
  name: toml
  version: 0.10.2
  sha256: 806143ae5bfb6a3c6e736a764057db0e6a0e05e338b5630894a5f779cabb4f9b
  requires_python: '>=2.6,!=3.0.*,!=3.1.*,!=3.2.*'
- pypi: https://files.pythonhosted.org/packages/f9/41/fb15f06e33d7430ca89420283a8762a4e6b8025b800ea51796ab5e6d9559/tornado-6.5.2-cp39-abi3-manylinux_2_5_x86_64.manylinux1_x86_64.manylinux_2_17_x86_64.manylinux2014_x86_64.whl
  name: tornado
  version: 6.5.2
  sha256: e792706668c87709709c18b353da1f7662317b563ff69f00bab83595940c7108
  requires_python: '>=3.9'
- pypi: https://files.pythonhosted.org/packages/00/c0/8f5d070730d7836adc9c9b6408dec68c6ced86b304a9b26a14df072a6e8c/traitlets-5.14.3-py3-none-any.whl
  name: traitlets
  version: 5.14.3
  sha256: b74e89e397b1ed28cc831db7aea759ba6640cb3de13090ca145426688ff1ac4f
  requires_dist:
  - myst-parser ; extra == 'docs'
  - pydata-sphinx-theme ; extra == 'docs'
  - sphinx ; extra == 'docs'
  - argcomplete>=3.0.3 ; extra == 'test'
  - mypy>=1.7.0 ; extra == 'test'
  - pre-commit ; extra == 'test'
  - pytest-mock ; extra == 'test'
  - pytest-mypy-testing ; extra == 'test'
  - pytest>=7.0,<8.2 ; extra == 'test'
  requires_python: '>=3.8'
- conda: https://conda.anaconda.org/conda-forge/noarch/tzdata-2025b-h78e105d_0.conda
  sha256: 5aaa366385d716557e365f0a4e9c3fca43ba196872abbbe3d56bb610d131e192
  md5: 4222072737ccff51314b5ece9c7d6f5a
  license: LicenseRef-Public-Domain
  purls: []
  size: 122968
  timestamp: 1742727099393
- pypi: https://files.pythonhosted.org/packages/af/b5/123f13c975e9f27ab9c0770f514345bd406d0e8d3b7a0723af9d43f710af/wcwidth-0.2.14-py2.py3-none-any.whl
  name: wcwidth
  version: 0.2.14
  sha256: a7bb560c8aee30f9957e5f9895805edd20602f2d7f720186dfd906e82b4982e1
  requires_python: '>=3.6'
- conda: https://conda.anaconda.org/conda-forge/linux-64/zstd-1.5.7-hb78ec9c_6.conda
  sha256: 68f0206ca6e98fea941e5717cec780ed2873ffabc0e1ed34428c061e2c6268c7
  md5: 4a13eeac0b5c8e5b8ab496e6c4ddd829
  depends:
  - __glibc >=2.17,<3.0.a0
  - libzlib >=1.3.1,<2.0a0
  license: BSD-3-Clause
  purls: []
  size: 601375
  timestamp: 1764777111296
